
Microsoft Visual Studio Solution File, Format Version 12.00
# Visual Studio Version 17
VisualStudioVersion = 17.6.33815.320
MinimumVisualStudioVersion = 10.0.40219.1
Project("{FAE04EC0-301F-11D3-BF4B-00C04F79EFBC}") = "Alura Criando Primeira Aplicação", "Alura Criando Primeira Aplicação\Alura Criando Primeira Aplicação.csproj", "{7B0358B3-6559-4673-AB97-82FE95B912A5}"
EndProject
Global
	GlobalSection(SolutionConfigurationPlatforms) = preSolution
		Debug|Any CPU = Debug|Any CPU
		Release|Any CPU = Release|Any CPU
	EndGlobalSection
	GlobalSection(ProjectConfigurationPlatforms) = postSolution
		{7B0358B3-6559-4673-AB97-82FE95B912A5}.Debug|Any CPU.ActiveCfg = Debug|Any CPU
		{7B0358B3-6559-4673-AB97-82FE95B912A5}.Debug|Any CPU.Build.0 = Debug|Any CPU
		{7B0358B3-6559-4673-AB97-82FE95B912A5}.Release|Any CPU.ActiveCfg = Release|Any CPU
		{7B0358B3-6559-4673-AB97-82FE95B912A5}.Release|Any CPU.Build.0 = Release|Any CPU
	EndGlobalSection
	GlobalSection(SolutionProperties) = preSolution
		HideSolutionNode = FALSE
	EndGlobalSection
	GlobalSection(ExtensibilityGlobals) = postSolution
		SolutionGuid = {8943DBBA-FADC-453F-A51B-9F5FD97A5A37}
	EndGlobalSection
EndGlobal
